
Microsoft Visual Studio Solution File, Format Version 11.00
# Visual Studio 2010
Project("{FAE04EC0-301F-11D3-BF4B-00C04F79EFBC}") = "InterviewTest", "InterviewTest\InterviewTest.csproj", "{80306D26-8436-4A4A-817D-4549F026F6A9}"
EndProject
Project("{FAE04EC0-301F-11D3-BF4B-00C04F79EFBC}") = "InterviewTest.Tests", "InterviewTest.Tests\InterviewTest.Tests.csproj", "{64744AAA-89D1-4181-99DA-9D82DB197880}"
EndProject
Global
	GlobalSection(SolutionConfigurationPlatforms) = preSolution
		Debug|Any CPU = Debug|Any CPU
		Release|Any CPU = Release|Any CPU
	EndGlobalSection
	GlobalSection(ProjectConfigurationPlatforms) = postSolution
		{80306D26-8436-4A4A-817D-4549F026F6A9}.Debug|Any CPU.ActiveCfg = Debug|Any CPU
		{80306D26-8436-4A4A-817D-4549F026F6A9}.Debug|Any CPU.Build.0 = Debug|Any CPU
		{80306D26-8436-4A4A-817D-4549F026F6A9}.Release|Any CPU.ActiveCfg = Release|Any CPU
		{80306D26-8436-4A4A-817D-4549F026F6A9}.Release|Any CPU.Build.0 = Release|Any CPU
		{64744AAA-89D1-4181-99DA-9D82DB197880}.Debug|Any CPU.ActiveCfg = Debug|Any CPU
		{64744AAA-89D1-4181-99DA-9D82DB197880}.Debug|Any CPU.Build.0 = Debug|Any CPU
		{64744AAA-89D1-4181-99DA-9D82DB197880}.Release|Any CPU.ActiveCfg = Release|Any CPU
		{64744AAA-89D1-4181-99DA-9D82DB197880}.Release|Any CPU.Build.0 = Release|Any CPU
	EndGlobalSection
	GlobalSection(SolutionProperties) = preSolution
		HideSolutionNode = FALSE
	EndGlobalSection
EndGlobal
